{
  "name": "@knide/fonts-monorepo",
  "lockfileVersion": 3,
  "requires": true,
  "packages": {
    "": {
      "name": "@knide/fonts-monorepo",
      "workspaces": [
        "packages/*"
      ]
    },
    "node_modules/@knide/ibm-plex-sans": {
      "resolved": "packages/ibm-plex-sans",
      "link": true
    },
    "packages/ibm-plex-sans": {
      "name": "@knide/ibm-plex-sans",
      "version": "5.2.5",
      "license": "OFL-1.1"
    }
  }
}
